
Microsoft Visual Studio Solution File, Format Version 11.00
# Visual Studio 2010
Project("{FAE04EC0-301F-11D3-BF4B-00C04F79EFBC}") = "Assembly-CSharp", "Assembly-CSharp.csproj", "{cd9ab30a-e62e-5ce1-4d2b-642e1651d37d}"
EndProject
Project("{FAE04EC0-301F-11D3-BF4B-00C04F79EFBC}") = "Assembly-CSharp-Editor", "Assembly-CSharp-Editor.csproj", "{ec804d2a-3ccb-1e39-6078-6002a72e8a48}"
EndProject
Global
	GlobalSection(SolutionConfigurationPlatforms) = preSolution
		Debug|Any CPU = Debug|Any CPU
	EndGlobalSection
	GlobalSection(ProjectConfigurationPlatforms) = postSolution
		{cd9ab30a-e62e-5ce1-4d2b-642e1651d37d}.Debug|Any CPU.ActiveCfg = Debug|Any CPU
		{cd9ab30a-e62e-5ce1-4d2b-642e1651d37d}.Debug|Any CPU.Build.0 = Debug|Any CPU
		{ec804d2a-3ccb-1e39-6078-6002a72e8a48}.Debug|Any CPU.ActiveCfg = Debug|Any CPU
		{ec804d2a-3ccb-1e39-6078-6002a72e8a48}.Debug|Any CPU.Build.0 = Debug|Any CPU
	EndGlobalSection
	GlobalSection(SolutionProperties) = preSolution
		HideSolutionNode = FALSE
	EndGlobalSection
EndGlobal
